
Microsoft Visual Studio Solution File, Format Version 12.00
# Visual Studio Version 16
VisualStudioVersion = 16.0.30626.31
MinimumVisualStudioVersion = 10.0.40219.1
Project("{9A19103F-16F7-4668-BE54-9A1E7A4F7556}") = "playing-with-secrets", "src\playing-with-secrets.csproj", "{605DC05E-7E80-45CC-90A9-D80A85704EB3}"
EndProject
Project("{FAE04EC0-301F-11D3-BF4B-00C04F79EFBC}") = "playing-with-secrets.tests", "tests\playing-with-secrets.tests.csproj", "{CE10B503-A1B6-467B-8C17-792347023849}"
EndProject
Global
	GlobalSection(SolutionConfigurationPlatforms) = preSolution
		Debug|Any CPU = Debug|Any CPU
		Release|Any CPU = Release|Any CPU
	EndGlobalSection
	GlobalSection(ProjectConfigurationPlatforms) = postSolution
		{605DC05E-7E80-45CC-90A9-D80A85704EB3}.Debug|Any CPU.ActiveCfg = Debug|Any CPU
		{605DC05E-7E80-45CC-90A9-D80A85704EB3}.Debug|Any CPU.Build.0 = Debug|Any CPU
		{605DC05E-7E80-45CC-90A9-D80A85704EB3}.Release|Any CPU.ActiveCfg = Release|Any CPU
		{605DC05E-7E80-45CC-90A9-D80A85704EB3}.Release|Any CPU.Build.0 = Release|Any CPU
		{CE10B503-A1B6-467B-8C17-792347023849}.Debug|Any CPU.ActiveCfg = Debug|Any CPU
		{CE10B503-A1B6-467B-8C17-792347023849}.Debug|Any CPU.Build.0 = Debug|Any CPU
		{CE10B503-A1B6-467B-8C17-792347023849}.Release|Any CPU.ActiveCfg = Release|Any CPU
		{CE10B503-A1B6-467B-8C17-792347023849}.Release|Any CPU.Build.0 = Release|Any CPU
	EndGlobalSection
	GlobalSection(SolutionProperties) = preSolution
		HideSolutionNode = FALSE
	EndGlobalSection
	GlobalSection(ExtensibilityGlobals) = postSolution
		SolutionGuid = {D39B9CE0-DFAE-4DAD-B9E2-C74C63A2822A}
	EndGlobalSection
EndGlobal
